// !$*UTF8*$!
{
	archiveVersion = 1;
	classes = {
	};
	objectVersion = 54;
	objects = {

/* Begin PBXBuildFile section */
		151470082327520700E2BAF9 /* OnOffTableViewCell.swift in Sources */ = {isa = PBXBuildFile; fileRef = 151470062327520700E2BAF9 /* OnOffTableViewCell.swift */; };
		151470092327520700E2BAF9 /* OnOffTableViewCell.xib in Resources */ = {isa = PBXBuildFile; fileRef = 151470072327520700E2BAF9 /* OnOffTableViewCell.xib */; };
		151470D72330014900E2BAF9 /* TimeSettingTableViewCell.swift in Sources */ = {isa = PBXBuildFile; fileRef = 151470D52330014900E2BAF9 /* TimeSettingTableViewCell.swift */; };
		151470D82330014900E2BAF9 /* TimeSettingTableViewCell.xib in Resources */ = {isa = PBXBuildFile; fileRef = 151470D62330014900E2BAF9 /* TimeSettingTableViewCell.xib */; };
		151470DB2330B9C100E2BAF9 /* TimerPickerTableViewCell.swift in Sources */ = {isa = PBXBuildFile; fileRef = 151470D92330B9C100E2BAF9 /* TimerPickerTableViewCell.swift */; };
		151470DC2330B9C100E2BAF9 /* TimerPickerTableViewCell.xib in Resources */ = {isa = PBXBuildFile; fileRef = 151470DA2330B9C100E2BAF9 /* TimerPickerTableViewCell.xib */; };
		153B27242334FE6B00BFFDB4 /* DarkModeString.swift in Sources */ = {isa = PBXBuildFile; fileRef = 153B27232334FE6B00BFFDB4 /* DarkModeString.swift */; };
		1547B43723438D1F00898F94 /* KeyData.swift in Sources */ = {isa = PBXBuildFile; fileRef = 1547B43623438D1F00898F94 /* KeyData.swift */; };
		156F8632231FCF3C00EAEBF5 /* EmergencyViewController.swift in Sources */ = {isa = PBXBuildFile; fileRef = 156F8631231FCF3C00EAEBF5 /* EmergencyViewController.swift */; };
		157A1D4C289FD74900547225 /* UIImage+Extension.swift in Sources */ = {isa = PBXBuildFile; fileRef = 157A1D4B289FD74900547225 /* UIImage+Extension.swift */; };
		157A1D4E289FD77600547225 /* UIColor+Extension.swift in Sources */ = {isa = PBXBuildFile; fileRef = 157A1D4D289FD77600547225 /* UIColor+Extension.swift */; };
		157A1D50289FD96200547225 /* MKMapView+Extension.swift in Sources */ = {isa = PBXBuildFile; fileRef = 157A1D4F289FD96200547225 /* MKMapView+Extension.swift */; };
		157A1D52289FD9AD00547225 /* CustomAnnotation.swift in Sources */ = {isa = PBXBuildFile; fileRef = 157A1D51289FD9AD00547225 /* CustomAnnotation.swift */; };
		157A1D5E28A3D50A00547225 /* CompleteAlertViewController.swift in Sources */ = {isa = PBXBuildFile; fileRef = 157A1D5D28A3D50A00547225 /* CompleteAlertViewController.swift */; };
		157A1D6028A3E63400547225 /* complete.json in Resources */ = {isa = PBXBuildFile; fileRef = 157A1D5F28A3E63400547225 /* complete.json */; };
		157A1D6228A3F02400547225 /* CLLocationCoordinate2D+Extension.swift in Sources */ = {isa = PBXBuildFile; fileRef = 157A1D6128A3F02400547225 /* CLLocationCoordinate2D+Extension.swift */; };
		158860082C08D5B30053225D /* EmergencyBellDataSource.swift in Sources */ = {isa = PBXBuildFile; fileRef = 158860072C08D5B30053225D /* EmergencyBellDataSource.swift */; };
		1588600A2C09801A0053225D /* emergencybell_20240531.plist in Resources */ = {isa = PBXBuildFile; fileRef = 158860092C09801A0053225D /* emergencybell_20240531.plist */; };
		1588600C2C09854D0053225D /* toilet_20240531.plist in Resources */ = {isa = PBXBuildFile; fileRef = 1588600B2C09854D0053225D /* toilet_20240531.plist */; };
		15AD879823255B8800DE0B7A /* ContactTableViewCell.swift in Sources */ = {isa = PBXBuildFile; fileRef = 15AD879623255B8800DE0B7A /* ContactTableViewCell.swift */; };
		15AD879B2325985800DE0B7A /* CallContactViewCellViewController.swift in Sources */ = {isa = PBXBuildFile; fileRef = 15AD879A2325985800DE0B7A /* CallContactViewCellViewController.swift */; };
		15AD879D2325990E00DE0B7A /* Contacts.swift in Sources */ = {isa = PBXBuildFile; fileRef = 15AD879C2325990E00DE0B7A /* Contacts.swift */; };
		15AD87A323266C4A00DE0B7A /* UserData.swift in Sources */ = {isa = PBXBuildFile; fileRef = 15AD87A223266C4A00DE0B7A /* UserData.swift */; };
		15AD87A62326739900DE0B7A /* UserContactsTableViewCell.swift in Sources */ = {isa = PBXBuildFile; fileRef = 15AD87A42326739900DE0B7A /* UserContactsTableViewCell.swift */; };
		15AD87A72326739900DE0B7A /* UserContactsTableViewCell.xib in Resources */ = {isa = PBXBuildFile; fileRef = 15AD87A52326739900DE0B7A /* UserContactsTableViewCell.xib */; };
		15BA30C322FC9AE400B8B971 /* AppDelegate.swift in Sources */ = {isa = PBXBuildFile; fileRef = 15BA30C222FC9AE400B8B971 /* AppDelegate.swift */; };
		15BA30C522FC9AE400B8B971 /* ViewController.swift in Sources */ = {isa = PBXBuildFile; fileRef = 15BA30C422FC9AE400B8B971 /* ViewController.swift */; };
		15BA30C822FC9AE400B8B971 /* Main.storyboard in Resources */ = {isa = PBXBuildFile; fileRef = 15BA30C622FC9AE400B8B971 /* Main.storyboard */; };
		15BA30CA22FC9AE500B8B971 /* Assets.xcassets in Resources */ = {isa = PBXBuildFile; fileRef = 15BA30C922FC9AE500B8B971 /* Assets.xcassets */; };
		15BA30CD22FC9AE500B8B971 /* LaunchScreen.storyboard in Resources */ = {isa = PBXBuildFile; fileRef = 15BA30CB22FC9AE500B8B971 /* LaunchScreen.storyboard */; };
		15BA30D822FC9AE500B8B971 /* UrgentTests.swift in Sources */ = {isa = PBXBuildFile; fileRef = 15BA30D722FC9AE500B8B971 /* UrgentTests.swift */; };
		15BA30E322FC9AE500B8B971 /* UrgentUITests.swift in Sources */ = {isa = PBXBuildFile; fileRef = 15BA30E222FC9AE500B8B971 /* UrgentUITests.swift */; };
		15BA311A2300198100B8B971 /* RestroomDataSource.swift in Sources */ = {isa = PBXBuildFile; fileRef = 15BA31192300198100B8B971 /* RestroomDataSource.swift */; };
		15BA31672303258D00B8B971 /* SendDataDelegate.swift in Sources */ = {isa = PBXBuildFile; fileRef = 15BA31662303258D00B8B971 /* SendDataDelegate.swift */; };
		15BA31B42305FA9F00B8B971 /* CardViewController.swift in Sources */ = {isa = PBXBuildFile; fileRef = 15BA31B22305FA9F00B8B971 /* CardViewController.swift */; };
		15BA31B52305FA9F00B8B971 /* CardViewController.xib in Resources */ = {isa = PBXBuildFile; fileRef = 15BA31B32305FA9F00B8B971 /* CardViewController.xib */; };
		292F693BAD7EBF751106E16F /* libPods-UrgentTests.a in Frameworks */ = {isa = PBXBuildFile; fileRef = 1581CC4C06FF6CC9234D2A5E /* libPods-UrgentTests.a */; };
		9BC37A981152735CBB1B2E80 /* libPods-UrgentUITests.a in Frameworks */ = {isa = PBXBuildFile; fileRef = 9D0F7DC4CBDC0DC1B82E6808 /* libPods-UrgentUITests.a */; };
		C14769C537A09E0549D09D74 /* libPods-Urgent.a in Frameworks */ = {isa = PBXBuildFile; fileRef = D561C5523911AEAE54ECD963 /* libPods-Urgent.a */; };
/* End PBXBuildFile section */

/* Begin PBXContainerItemProxy section */
		15BA30D422FC9AE500B8B971 /* PBXContainerItemProxy */ = {
			isa = PBXContainerItemProxy;
			containerPortal = 15BA30B722FC9AE400B8B971 /* Project object */;
			proxyType = 1;
			remoteGlobalIDString = 15BA30BE22FC9AE400B8B971;
			remoteInfo = Urgent;
		};
		15BA30DF22FC9AE500B8B971 /* PBXContainerItemProxy */ = {
			isa = PBXContainerItemProxy;
			containerPortal = 15BA30B722FC9AE400B8B971 /* Project object */;
			proxyType = 1;
			remoteGlobalIDString = 15BA30BE22FC9AE400B8B971;
			remoteInfo = Urgent;
		};
/* End PBXContainerItemProxy section */

/* Begin PBXFileReference section */
		15104845DE3EF2A258055E97 /* Pods-UrgentUITests.release.xcconfig */ = {isa = PBXFileReference; includeInIndex = 1; lastKnownFileType = text.xcconfig; name = "Pods-UrgentUITests.release.xcconfig"; path = "Target Support Files/Pods-UrgentUITests/Pods-UrgentUITests.release.xcconfig"; sourceTree = "<group>"; };
		151470062327520700E2BAF9 /* OnOffTableViewCell.swift */ = {isa = PBXFileReference; lastKnownFileType = sourcecode.swift; path = OnOffTableViewCell.swift; sourceTree = "<group>"; };
		151470072327520700E2BAF9 /* OnOffTableViewCell.xib */ = {isa = PBXFileReference; lastKnownFileType = file.xib; path = OnOffTableViewCell.xib; sourceTree = "<group>"; };
		151470D52330014900E2BAF9 /* TimeSettingTableViewCell.swift */ = {isa = PBXFileReference; lastKnownFileType = sourcecode.swift; path = TimeSettingTableViewCell.swift; sourceTree = "<group>"; };
		151470D62330014900E2BAF9 /* TimeSettingTableViewCell.xib */ = {isa = PBXFileReference; lastKnownFileType = file.xib; path = TimeSettingTableViewCell.xib; sourceTree = "<group>"; };
		151470D92330B9C100E2BAF9 /* TimerPickerTableViewCell.swift */ = {isa = PBXFileReference; lastKnownFileType = sourcecode.swift; path = TimerPickerTableViewCell.swift; sourceTree = "<group>"; };
		151470DA2330B9C100E2BAF9 /* TimerPickerTableViewCell.xib */ = {isa = PBXFileReference; lastKnownFileType = file.xib; path = TimerPickerTableViewCell.xib; sourceTree = "<group>"; };
		153B27232334FE6B00BFFDB4 /* DarkModeString.swift */ = {isa = PBXFileReference; lastKnownFileType = sourcecode.swift; path = DarkModeString.swift; sourceTree = "<group>"; };
		1547B43623438D1F00898F94 /* KeyData.swift */ = {isa = PBXFileReference; lastKnownFileType = sourcecode.swift; path = KeyData.swift; sourceTree = "<group>"; };
		156F8631231FCF3C00EAEBF5 /* EmergencyViewController.swift */ = {isa = PBXFileReference; lastKnownFileType = sourcecode.swift; path = EmergencyViewController.swift; sourceTree = "<group>"; };
		157A1D4B289FD74900547225 /* UIImage+Extension.swift */ = {isa = PBXFileReference; lastKnownFileType = sourcecode.swift; path = "UIImage+Extension.swift"; sourceTree = "<group>"; };
		157A1D4D289FD77600547225 /* UIColor+Extension.swift */ = {isa = PBXFileReference; lastKnownFileType = sourcecode.swift; path = "UIColor+Extension.swift"; sourceTree = "<group>"; };
		157A1D4F289FD96200547225 /* MKMapView+Extension.swift */ = {isa = PBXFileReference; lastKnownFileType = sourcecode.swift; path = "MKMapView+Extension.swift"; sourceTree = "<group>"; };
		157A1D51289FD9AD00547225 /* CustomAnnotation.swift */ = {isa = PBXFileReference; lastKnownFileType = sourcecode.swift; path = CustomAnnotation.swift; sourceTree = "<group>"; };
		157A1D5D28A3D50A00547225 /* CompleteAlertViewController.swift */ = {isa = PBXFileReference; lastKnownFileType = sourcecode.swift; path = CompleteAlertViewController.swift; sourceTree = "<group>"; };
		157A1D5F28A3E63400547225 /* complete.json */ = {isa = PBXFileReference; fileEncoding = 4; lastKnownFileType = text.json; name = complete.json; path = ../../../../Downloads/complete.json; sourceTree = "<group>"; };
		157A1D6128A3F02400547225 /* CLLocationCoordinate2D+Extension.swift */ = {isa = PBXFileReference; lastKnownFileType = sourcecode.swift; path = "CLLocationCoordinate2D+Extension.swift"; sourceTree = "<group>"; };
		1581CC4C06FF6CC9234D2A5E /* libPods-UrgentTests.a */ = {isa = PBXFileReference; explicitFileType = archive.ar; includeInIndex = 0; path = "libPods-UrgentTests.a"; sourceTree = BUILT_PRODUCTS_DIR; };
		158860072C08D5B30053225D /* EmergencyBellDataSource.swift */ = {isa = PBXFileReference; lastKnownFileType = sourcecode.swift; path = EmergencyBellDataSource.swift; sourceTree = "<group>"; };
		158860092C09801A0053225D /* emergencybell_20240531.plist */ = {isa = PBXFileReference; fileEncoding = 4; lastKnownFileType = text.plist.xml; path = emergencybell_20240531.plist; sourceTree = "<group>"; };
		1588600B2C09854D0053225D /* toilet_20240531.plist */ = {isa = PBXFileReference; fileEncoding = 4; lastKnownFileType = text.plist.xml; path = toilet_20240531.plist; sourceTree = "<group>"; };
		15AD879623255B8800DE0B7A /* ContactTableViewCell.swift */ = {isa = PBXFileReference; lastKnownFileType = sourcecode.swift; path = ContactTableViewCell.swift; sourceTree = "<group>"; };
		15AD879A2325985800DE0B7A /* CallContactViewCellViewController.swift */ = {isa = PBXFileReference; lastKnownFileType = sourcecode.swift; path = CallContactViewCellViewController.swift; sourceTree = "<group>"; };
		15AD879C2325990E00DE0B7A /* Contacts.swift */ = {isa = PBXFileReference; lastKnownFileType = sourcecode.swift; path = Contacts.swift; sourceTree = "<group>"; };
		15AD87A223266C4A00DE0B7A /* UserData.swift */ = {isa = PBXFileReference; lastKnownFileType = sourcecode.swift; path = UserData.swift; sourceTree = "<group>"; };
		15AD87A42326739900DE0B7A /* UserContactsTableViewCell.swift */ = {isa = PBXFileReference; lastKnownFileType = sourcecode.swift; path = UserContactsTableViewCell.swift; sourceTree = "<group>"; };
		15AD87A52326739900DE0B7A /* UserContactsTableViewCell.xib */ = {isa = PBXFileReference; lastKnownFileType = file.xib; path = UserContactsTableViewCell.xib; sourceTree = "<group>"; };
		15BA30BF22FC9AE400B8B971 /* Urgent.app */ = {isa = PBXFileReference; explicitFileType = wrapper.application; includeInIndex = 0; path = Urgent.app; sourceTree = BUILT_PRODUCTS_DIR; };
		15BA30C222FC9AE400B8B971 /* AppDelegate.swift */ = {isa = PBXFileReference; lastKnownFileType = sourcecode.swift; path = AppDelegate.swift; sourceTree = "<group>"; };
		15BA30C422FC9AE400B8B971 /* ViewController.swift */ = {isa = PBXFileReference; lastKnownFileType = sourcecode.swift; path = ViewController.swift; sourceTree = "<group>"; };
		15BA30C722FC9AE400B8B971 /* Base */ = {isa = PBXFileReference; lastKnownFileType = file.storyboard; name = Base; path = Base.lproj/Main.storyboard; sourceTree = "<group>"; };
		15BA30C922FC9AE500B8B971 /* Assets.xcassets */ = {isa = PBXFileReference; lastKnownFileType = folder.assetcatalog; path = Assets.xcassets; sourceTree = "<group>"; };
		15BA30CC22FC9AE500B8B971 /* Base */ = {isa = PBXFileReference; lastKnownFileType = file.storyboard; name = Base; path = Base.lproj/LaunchScreen.storyboard; sourceTree = "<group>"; };
		15BA30CE22FC9AE500B8B971 /* Info.plist */ = {isa = PBXFileReference; lastKnownFileType = text.plist.xml; path = Info.plist; sourceTree = "<group>"; };
		15BA30D322FC9AE500B8B971 /* UrgentTests.xctest */ = {isa = PBXFileReference; explicitFileType = wrapper.cfbundle; includeInIndex = 0; path = UrgentTests.xctest; sourceTree = BUILT_PRODUCTS_DIR; };
		15BA30D722FC9AE500B8B971 /* UrgentTests.swift */ = {isa = PBXFileReference; lastKnownFileType = sourcecode.swift; path = UrgentTests.swift; sourceTree = "<group>"; };
		15BA30D922FC9AE500B8B971 /* Info.plist */ = {isa = PBXFileReference; lastKnownFileType = text.plist.xml; path = Info.plist; sourceTree = "<group>"; };
		15BA30DE22FC9AE500B8B971 /* UrgentUITests.xctest */ = {isa = PBXFileReference; explicitFileType = wrapper.cfbundle; includeInIndex = 0; path = UrgentUITests.xctest; sourceTree = BUILT_PRODUCTS_DIR; };
		15BA30E222FC9AE500B8B971 /* UrgentUITests.swift */ = {isa = PBXFileReference; lastKnownFileType = sourcecode.swift; path = UrgentUITests.swift; sourceTree = "<group>"; };
		15BA30E422FC9AE500B8B971 /* Info.plist */ = {isa = PBXFileReference; lastKnownFileType = text.plist.xml; path = Info.plist; sourceTree = "<group>"; };
		15BA31192300198100B8B971 /* RestroomDataSource.swift */ = {isa = PBXFileReference; lastKnownFileType = sourcecode.swift; path = RestroomDataSource.swift; sourceTree = "<group>"; };
		15BA31662303258D00B8B971 /* SendDataDelegate.swift */ = {isa = PBXFileReference; lastKnownFileType = sourcecode.swift; path = SendDataDelegate.swift; sourceTree = "<group>"; };
		15BA31B22305FA9F00B8B971 /* CardViewController.swift */ = {isa = PBXFileReference; lastKnownFileType = sourcecode.swift; path = CardViewController.swift; sourceTree = "<group>"; };
		15BA31B32305FA9F00B8B971 /* CardViewController.xib */ = {isa = PBXFileReference; lastKnownFileType = file.xib; path = CardViewController.xib; sourceTree = "<group>"; };
		15BA327F230BCFBD00B8B971 /* Urgent-Bridging-Header.h */ = {isa = PBXFileReference; lastKnownFileType = sourcecode.c.h; path = "Urgent-Bridging-Header.h"; sourceTree = "<group>"; };
		42D8389D22C02CDC22FCB776 /* Pods-Urgent.debug.xcconfig */ = {isa = PBXFileReference; includeInIndex = 1; lastKnownFileType = text.xcconfig; name = "Pods-Urgent.debug.xcconfig"; path = "Target Support Files/Pods-Urgent/Pods-Urgent.debug.xcconfig"; sourceTree = "<group>"; };
		4AE032821D423D7C2DED2EC6 /* Pods-UrgentTests.debug.xcconfig */ = {isa = PBXFileReference; includeInIndex = 1; lastKnownFileType = text.xcconfig; name = "Pods-UrgentTests.debug.xcconfig"; path = "Target Support Files/Pods-UrgentTests/Pods-UrgentTests.debug.xcconfig"; sourceTree = "<group>"; };
		9D0F7DC4CBDC0DC1B82E6808 /* libPods-UrgentUITests.a */ = {isa = PBXFileReference; explicitFileType = archive.ar; includeInIndex = 0; path = "libPods-UrgentUITests.a"; sourceTree = BUILT_PRODUCTS_DIR; };
		B6916CAE3CFDC1F1F902870C /* Pods-UrgentUITests.debug.xcconfig */ = {isa = PBXFileReference; includeInIndex = 1; lastKnownFileType = text.xcconfig; name = "Pods-UrgentUITests.debug.xcconfig"; path = "Target Support Files/Pods-UrgentUITests/Pods-UrgentUITests.debug.xcconfig"; sourceTree = "<group>"; };
		D561C5523911AEAE54ECD963 /* libPods-Urgent.a */ = {isa = PBXFileReference; explicitFileType = archive.ar; includeInIndex = 0; path = "libPods-Urgent.a"; sourceTree = BUILT_PRODUCTS_DIR; };
		D6E24195C86A814A4145B990 /* Pods-UrgentTests.release.xcconfig */ = {isa = PBXFileReference; includeInIndex = 1; lastKnownFileType = text.xcconfig; name = "Pods-UrgentTests.release.xcconfig"; path = "Target Support Files/Pods-UrgentTests/Pods-UrgentTests.release.xcconfig"; sourceTree = "<group>"; };
		E9290621BFAD14BC86EEF9CB /* Pods-Urgent.release.xcconfig */ = {isa = PBXFileReference; includeInIndex = 1; lastKnownFileType = text.xcconfig; name = "Pods-Urgent.release.xcconfig"; path = "Target Support Files/Pods-Urgent/Pods-Urgent.release.xcconfig"; sourceTree = "<group>"; };
/* End PBXFileReference section */

/* Begin PBXFrameworksBuildPhase section */
		15BA30BC22FC9AE400B8B971 /* Frameworks */ = {
			isa = PBXFrameworksBuildPhase;
			buildActionMask = 2147483647;
			files = (
				C14769C537A09E0549D09D74 /* libPods-Urgent.a in Frameworks */,
			);
			runOnlyForDeploymentPostprocessing = 0;
		};
		15BA30D022FC9AE500B8B971 /* Frameworks */ = {
			isa = PBXFrameworksBuildPhase;
			buildActionMask = 2147483647;
			files = (
				292F693BAD7EBF751106E16F /* libPods-UrgentTests.a in Frameworks */,
			);
			runOnlyForDeploymentPostprocessing = 0;
		};
		15BA30DB22FC9AE500B8B971 /* Frameworks */ = {
			isa = PBXFrameworksBuildPhase;
			buildActionMask = 2147483647;
			files = (
				9BC37A981152735CBB1B2E80 /* libPods-UrgentUITests.a in Frameworks */,
			);
			runOnlyForDeploymentPostprocessing = 0;
		};
/* End PBXFrameworksBuildPhase section */

/* Begin PBXGroup section */
		15752585233CF06300FB9307 /* View */ = {
			isa = PBXGroup;
			children = (
				157A1D4A289FD70500547225 /* UIViewController */,
				15AD87952322CCCE00DE0B7A /* UITableViewCell */,
			);
			path = View;
			sourceTree = "<group>";
		};
		157A1D46289FD6A200547225 /* Extension */ = {
			isa = PBXGroup;
			children = (
				157A1D4B289FD74900547225 /* UIImage+Extension.swift */,
				157A1D4D289FD77600547225 /* UIColor+Extension.swift */,
				157A1D4F289FD96200547225 /* MKMapView+Extension.swift */,
				157A1D6128A3F02400547225 /* CLLocationCoordinate2D+Extension.swift */,
			);
			path = Extension;
			sourceTree = "<group>";
		};
		157A1D47289FD6B200547225 /* Model */ = {
			isa = PBXGroup;
			children = (
				15AD879C2325990E00DE0B7A /* Contacts.swift */,
				15AD87A223266C4A00DE0B7A /* UserData.swift */,
				153B27232334FE6B00BFFDB4 /* DarkModeString.swift */,
			);
			path = Model;
			sourceTree = "<group>";
		};
		157A1D48289FD6C600547225 /* App */ = {
			isa = PBXGroup;
			children = (
				15BA31662303258D00B8B971 /* SendDataDelegate.swift */,
				15BA30C222FC9AE400B8B971 /* AppDelegate.swift */,
				1547B43623438D1F00898F94 /* KeyData.swift */,
			);
			path = App;
			sourceTree = "<group>";
		};
		157A1D49289FD6EA00547225 /* Resource */ = {
			isa = PBXGroup;
			children = (
				157A1D5F28A3E63400547225 /* complete.json */,
				15BA30C922FC9AE500B8B971 /* Assets.xcassets */,
			);
			path = Resource;
			sourceTree = "<group>";
		};
		157A1D4A289FD70500547225 /* UIViewController */ = {
			isa = PBXGroup;
			children = (
				15BA30C422FC9AE400B8B971 /* ViewController.swift */,
				156F8631231FCF3C00EAEBF5 /* EmergencyViewController.swift */,
				15BA31B22305FA9F00B8B971 /* CardViewController.swift */,
				15AD879A2325985800DE0B7A /* CallContactViewCellViewController.swift */,
				15BA30C622FC9AE400B8B971 /* Main.storyboard */,
				15BA31B32305FA9F00B8B971 /* CardViewController.xib */,
				15BA30CB22FC9AE500B8B971 /* LaunchScreen.storyboard */,
				157A1D51289FD9AD00547225 /* CustomAnnotation.swift */,
				157A1D5D28A3D50A00547225 /* CompleteAlertViewController.swift */,
			);
			path = UIViewController;
			sourceTree = "<group>";
		};
		15AD87952322CCCE00DE0B7A /* UITableViewCell */ = {
			isa = PBXGroup;
			children = (
				151470062327520700E2BAF9 /* OnOffTableViewCell.swift */,
				151470072327520700E2BAF9 /* OnOffTableViewCell.xib */,
				15AD879623255B8800DE0B7A /* ContactTableViewCell.swift */,
				15AD87A42326739900DE0B7A /* UserContactsTableViewCell.swift */,
				15AD87A52326739900DE0B7A /* UserContactsTableViewCell.xib */,
				151470D52330014900E2BAF9 /* TimeSettingTableViewCell.swift */,
				151470D62330014900E2BAF9 /* TimeSettingTableViewCell.xib */,
				151470D92330B9C100E2BAF9 /* TimerPickerTableViewCell.swift */,
				151470DA2330B9C100E2BAF9 /* TimerPickerTableViewCell.xib */,
			);
			path = UITableViewCell;
			sourceTree = "<group>";
		};
		15BA30B622FC9AE400B8B971 = {
			isa = PBXGroup;
			children = (
				15BA30C122FC9AE400B8B971 /* Urgent */,
				15BA311B2300199600B8B971 /* Data Source */,
				15BA311C230019F900B8B971 /* Plist */,
				15BA30D622FC9AE500B8B971 /* UrgentTests */,
				15BA30E122FC9AE500B8B971 /* UrgentUITests */,
				15BA30C022FC9AE400B8B971 /* Products */,
				2E79EE0E4398852512C2F624 /* Pods */,
				73C3899DB37FDDECDEA04BAB /* Frameworks */,
			);
			sourceTree = "<group>";
		};
		15BA30C022FC9AE400B8B971 /* Products */ = {
			isa = PBXGroup;
			children = (
				15BA30BF22FC9AE400B8B971 /* Urgent.app */,
				15BA30D322FC9AE500B8B971 /* UrgentTests.xctest */,
				15BA30DE22FC9AE500B8B971 /* UrgentUITests.xctest */,
			);
			name = Products;
			sourceTree = "<group>";
		};
		15BA30C122FC9AE400B8B971 /* Urgent */ = {
			isa = PBXGroup;
			children = (
				15BA327F230BCFBD00B8B971 /* Urgent-Bridging-Header.h */,
				15BA30CE22FC9AE500B8B971 /* Info.plist */,
				157A1D48289FD6C600547225 /* App */,
				157A1D49289FD6EA00547225 /* Resource */,
				157A1D46289FD6A200547225 /* Extension */,
				157A1D47289FD6B200547225 /* Model */,
				15752585233CF06300FB9307 /* View */,
			);
			path = Urgent;
			sourceTree = "<group>";
		};
		15BA30D622FC9AE500B8B971 /* UrgentTests */ = {
			isa = PBXGroup;
			children = (
				15BA30D722FC9AE500B8B971 /* UrgentTests.swift */,
				15BA30D922FC9AE500B8B971 /* Info.plist */,
			);
			path = UrgentTests;
			sourceTree = "<group>";
		};
		15BA30E122FC9AE500B8B971 /* UrgentUITests */ = {
			isa = PBXGroup;
			children = (
				15BA30E222FC9AE500B8B971 /* UrgentUITests.swift */,
				15BA30E422FC9AE500B8B971 /* Info.plist */,
			);
			path = UrgentUITests;
			sourceTree = "<group>";
		};
		15BA311B2300199600B8B971 /* Data Source */ = {
			isa = PBXGroup;
			children = (
				15BA31192300198100B8B971 /* RestroomDataSource.swift */,
				158860072C08D5B30053225D /* EmergencyBellDataSource.swift */,
			);
			path = "Data Source";
			sourceTree = "<group>";
		};
		15BA311C230019F900B8B971 /* Plist */ = {
			isa = PBXGroup;
			children = (
				1588600B2C09854D0053225D /* toilet_20240531.plist */,
				158860092C09801A0053225D /* emergencybell_20240531.plist */,
			);
			path = Plist;
			sourceTree = "<group>";
		};
		2E79EE0E4398852512C2F624 /* Pods */ = {
			isa = PBXGroup;
			children = (
				42D8389D22C02CDC22FCB776 /* Pods-Urgent.debug.xcconfig */,
				E9290621BFAD14BC86EEF9CB /* Pods-Urgent.release.xcconfig */,
				4AE032821D423D7C2DED2EC6 /* Pods-UrgentTests.debug.xcconfig */,
				D6E24195C86A814A4145B990 /* Pods-UrgentTests.release.xcconfig */,
				B6916CAE3CFDC1F1F902870C /* Pods-UrgentUITests.debug.xcconfig */,
				15104845DE3EF2A258055E97 /* Pods-UrgentUITests.release.xcconfig */,
			);
			path = Pods;
			sourceTree = "<group>";
		};
		73C3899DB37FDDECDEA04BAB /* Frameworks */ = {
			isa = PBXGroup;
			children = (
				D561C5523911AEAE54ECD963 /* libPods-Urgent.a */,
				1581CC4C06FF6CC9234D2A5E /* libPods-UrgentTests.a */,
				9D0F7DC4CBDC0DC1B82E6808 /* libPods-UrgentUITests.a */,
			);
			name = Frameworks;
			sourceTree = "<group>";
		};
/* End PBXGroup section */

/* Begin PBXNativeTarget section */
		15BA30BE22FC9AE400B8B971 /* Urgent */ = {
			isa = PBXNativeTarget;
			buildConfigurationList = 15BA30E722FC9AE500B8B971 /* Build configuration list for PBXNativeTarget "Urgent" */;
			buildPhases = (
				24FF66B935D4DC65D17A6832 /* [CP] Check Pods Manifest.lock */,
				15BA30BB22FC9AE400B8B971 /* Sources */,
				15BA30BC22FC9AE400B8B971 /* Frameworks */,
				15BA30BD22FC9AE400B8B971 /* Resources */,
				51A34216533A1A4E9B6A72E2 /* [CP] Copy Pods Resources */,
			);
			buildRules = (
			);
			dependencies = (
			);
			name = Urgent;
			packageProductDependencies = (
			);
			productName = Urgent;
			productReference = 15BA30BF22FC9AE400B8B971 /* Urgent.app */;
			productType = "com.apple.product-type.application";
		};
		15BA30D222FC9AE500B8B971 /* UrgentTests */ = {
			isa = PBXNativeTarget;
			buildConfigurationList = 15BA30EA22FC9AE500B8B971 /* Build configuration list for PBXNativeTarget "UrgentTests" */;
			buildPhases = (
				7371447221F2AF8529FC0E7C /* [CP] Check Pods Manifest.lock */,
				15BA30CF22FC9AE500B8B971 /* Sources */,
				15BA30D022FC9AE500B8B971 /* Frameworks */,
				15BA30D122FC9AE500B8B971 /* Resources */,
			);
			buildRules = (
			);
			dependencies = (
				15BA30D522FC9AE500B8B971 /* PBXTargetDependency */,
			);
			name = UrgentTests;
			productName = UrgentTests;
			productReference = 15BA30D322FC9AE500B8B971 /* UrgentTests.xctest */;
			productType = "com.apple.product-type.bundle.unit-test";
		};
		15BA30DD22FC9AE500B8B971 /* UrgentUITests */ = {
			isa = PBXNativeTarget;
			buildConfigurationList = 15BA30ED22FC9AE500B8B971 /* Build configuration list for PBXNativeTarget "UrgentUITests" */;
			buildPhases = (
				705D1B654EFAA0FAB9B6F454 /* [CP] Check Pods Manifest.lock */,
				15BA30DA22FC9AE500B8B971 /* Sources */,
				15BA30DB22FC9AE500B8B971 /* Frameworks */,
				15BA30DC22FC9AE500B8B971 /* Resources */,
			);
			buildRules = (
			);
			dependencies = (
				15BA30E022FC9AE500B8B971 /* PBXTargetDependency */,
			);
			name = UrgentUITests;
			productName = UrgentUITests;
			productReference = 15BA30DE22FC9AE500B8B971 /* UrgentUITests.xctest */;
			productType = "com.apple.product-type.bundle.ui-testing";
		};
/* End PBXNativeTarget section */

/* Begin PBXProject section */
		15BA30B722FC9AE400B8B971 /* Project object */ = {
			isa = PBXProject;
			attributes = {
				LastSwiftUpdateCheck = 1030;
				LastUpgradeCheck = 1030;
				ORGANIZATIONNAME = "jang gukjin";
				TargetAttributes = {
					15BA30BE22FC9AE400B8B971 = {
						CreatedOnToolsVersion = 10.3;
					};
					15BA30D222FC9AE500B8B971 = {
						CreatedOnToolsVersion = 10.3;
						TestTargetID = 15BA30BE22FC9AE400B8B971;
					};
					15BA30DD22FC9AE500B8B971 = {
						CreatedOnToolsVersion = 10.3;
						TestTargetID = 15BA30BE22FC9AE400B8B971;
					};
				};
			};
			buildConfigurationList = 15BA30BA22FC9AE400B8B971 /* Build configuration list for PBXProject "Urgent" */;
			compatibilityVersion = "Xcode 9.3";
			developmentRegion = en;
			hasScannedForEncodings = 0;
			knownRegions = (
				en,
				Base,
			);
			mainGroup = 15BA30B622FC9AE400B8B971;
			packageReferences = (
			);
			productRefGroup = 15BA30C022FC9AE400B8B971 /* Products */;
			projectDirPath = "";
			projectRoot = "";
			targets = (
				15BA30BE22FC9AE400B8B971 /* Urgent */,
				15BA30D222FC9AE500B8B971 /* UrgentTests */,
				15BA30DD22FC9AE500B8B971 /* UrgentUITests */,
			);
		};
/* End PBXProject section */

/* Begin PBXResourcesBuildPhase section */
		15BA30BD22FC9AE400B8B971 /* Resources */ = {
			isa = PBXResourcesBuildPhase;
			buildActionMask = 2147483647;
			files = (
				15BA30CD22FC9AE500B8B971 /* LaunchScreen.storyboard in Resources */,
				157A1D6028A3E63400547225 /* complete.json in Resources */,
				151470DC2330B9C100E2BAF9 /* TimerPickerTableViewCell.xib in Resources */,
				151470092327520700E2BAF9 /* OnOffTableViewCell.xib in Resources */,
				15BA30CA22FC9AE500B8B971 /* Assets.xcassets in Resources */,
				15AD87A72326739900DE0B7A /* UserContactsTableViewCell.xib in Resources */,
				151470D82330014900E2BAF9 /* TimeSettingTableViewCell.xib in Resources */,
				15BA31B52305FA9F00B8B971 /* CardViewController.xib in Resources */,
				1588600A2C09801A0053225D /* emergencybell_20240531.plist in Resources */,
				15BA30C822FC9AE400B8B971 /* Main.storyboard in Resources */,
				1588600C2C09854D0053225D /* toilet_20240531.plist in Resources */,
			);
			runOnlyForDeploymentPostprocessing = 0;
		};
		15BA30D122FC9AE500B8B971 /* Resources */ = {
			isa = PBXResourcesBuildPhase;
			buildActionMask = 2147483647;
			files = (
			);
			runOnlyForDeploymentPostprocessing = 0;
		};
		15BA30DC22FC9AE500B8B971 /* Resources */ = {
			isa = PBXResourcesBuildPhase;
			buildActionMask = 2147483647;
			files = (
			);
			runOnlyForDeploymentPostprocessing = 0;
		};
/* End PBXResourcesBuildPhase section */

/* Begin PBXShellScriptBuildPhase section */
		24FF66B935D4DC65D17A6832 /* [CP] Check Pods Manifest.lock */ = {
			isa = PBXShellScriptBuildPhase;
			buildActionMask = 2147483647;
			files = (
			);
			inputFileListPaths = (
			);
			inputPaths = (
				"${PODS_PODFILE_DIR_PATH}/Podfile.lock",
				"${PODS_ROOT}/Manifest.lock",
			);
			name = "[CP] Check Pods Manifest.lock";
			outputFileListPaths = (
			);
			outputPaths = (
				"$(DERIVED_FILE_DIR)/Pods-Urgent-checkManifestLockResult.txt",
			);
			runOnlyForDeploymentPostprocessing = 0;
			shellPath = /bin/sh;
			shellScript = "diff \"${PODS_PODFILE_DIR_PATH}/Podfile.lock\" \"${PODS_ROOT}/Manifest.lock\" > /dev/null\nif [ $? != 0 ] ; then\n    # print error to STDERR\n    echo \"error: The sandbox is not in sync with the Podfile.lock. Run 'pod install' or update your CocoaPods installation.\" >&2\n    exit 1\nfi\n# This output is used by Xcode 'outputs' to avoid re-running this script phase.\necho \"SUCCESS\" > \"${SCRIPT_OUTPUT_FILE_0}\"\n";
			showEnvVarsInLog = 0;
		};
		51A34216533A1A4E9B6A72E2 /* [CP] Copy Pods Resources */ = {
			isa = PBXShellScriptBuildPhase;
			buildActionMask = 2147483647;
			files = (
			);
			inputFileListPaths = (
				"${PODS_ROOT}/Target Support Files/Pods-Urgent/Pods-Urgent-resources-${CONFIGURATION}-input-files.xcfilelist",
			);
			name = "[CP] Copy Pods Resources";
			outputFileListPaths = (
				"${PODS_ROOT}/Target Support Files/Pods-Urgent/Pods-Urgent-resources-${CONFIGURATION}-output-files.xcfilelist",
			);
			runOnlyForDeploymentPostprocessing = 0;
			shellPath = /bin/sh;
			shellScript = "\"${PODS_ROOT}/Target Support Files/Pods-Urgent/Pods-Urgent-resources.sh\"\n";
			showEnvVarsInLog = 0;
		};
		705D1B654EFAA0FAB9B6F454 /* [CP] Check Pods Manifest.lock */ = {
			isa = PBXShellScriptBuildPhase;
			buildActionMask = 2147483647;
			files = (
			);
			inputFileListPaths = (
			);
			inputPaths = (
				"${PODS_PODFILE_DIR_PATH}/Podfile.lock",
				"${PODS_ROOT}/Manifest.lock",
			);
			name = "[CP] Check Pods Manifest.lock";
			outputFileListPaths = (
			);
			outputPaths = (
				"$(DERIVED_FILE_DIR)/Pods-UrgentUITests-checkManifestLockResult.txt",
			);
			runOnlyForDeploymentPostprocessing = 0;
			shellPath = /bin/sh;
			shellScript = "diff \"${PODS_PODFILE_DIR_PATH}/Podfile.lock\" \"${PODS_ROOT}/Manifest.lock\" > /dev/null\nif [ $? != 0 ] ; then\n    # print error to STDERR\n    echo \"error: The sandbox is not in sync with the Podfile.lock. Run 'pod install' or update your CocoaPods installation.\" >&2\n    exit 1\nfi\n# This output is used by Xcode 'outputs' to avoid re-running this script phase.\necho \"SUCCESS\" > \"${SCRIPT_OUTPUT_FILE_0}\"\n";
			showEnvVarsInLog = 0;
		};
		7371447221F2AF8529FC0E7C /* [CP] Check Pods Manifest.lock */ = {
			isa = PBXShellScriptBuildPhase;
			buildActionMask = 2147483647;
			files = (
			);
			inputFileListPaths = (
			);
			inputPaths = (
				"${PODS_PODFILE_DIR_PATH}/Podfile.lock",
				"${PODS_ROOT}/Manifest.lock",
			);
			name = "[CP] Check Pods Manifest.lock";
			outputFileListPaths = (
			);
			outputPaths = (
				"$(DERIVED_FILE_DIR)/Pods-UrgentTests-checkManifestLockResult.txt",
			);
			runOnlyForDeploymentPostprocessing = 0;
			shellPath = /bin/sh;
			shellScript = "diff \"${PODS_PODFILE_DIR_PATH}/Podfile.lock\" \"${PODS_ROOT}/Manifest.lock\" > /dev/null\nif [ $? != 0 ] ; then\n    # print error to STDERR\n    echo \"error: The sandbox is not in sync with the Podfile.lock. Run 'pod install' or update your CocoaPods installation.\" >&2\n    exit 1\nfi\n# This output is used by Xcode 'outputs' to avoid re-running this script phase.\necho \"SUCCESS\" > \"${SCRIPT_OUTPUT_FILE_0}\"\n";
			showEnvVarsInLog = 0;
		};
/* End PBXShellScriptBuildPhase section */

/* Begin PBXSourcesBuildPhase section */
		15BA30BB22FC9AE400B8B971 /* Sources */ = {
			isa = PBXSourcesBuildPhase;
			buildActionMask = 2147483647;
			files = (
				157A1D4E289FD77600547225 /* UIColor+Extension.swift in Sources */,
				15AD87A323266C4A00DE0B7A /* UserData.swift in Sources */,
				151470DB2330B9C100E2BAF9 /* TimerPickerTableViewCell.swift in Sources */,
				15BA31672303258D00B8B971 /* SendDataDelegate.swift in Sources */,
				15BA311A2300198100B8B971 /* RestroomDataSource.swift in Sources */,
				151470082327520700E2BAF9 /* OnOffTableViewCell.swift in Sources */,
				156F8632231FCF3C00EAEBF5 /* EmergencyViewController.swift in Sources */,
				157A1D52289FD9AD00547225 /* CustomAnnotation.swift in Sources */,
				153B27242334FE6B00BFFDB4 /* DarkModeString.swift in Sources */,
				15BA31B42305FA9F00B8B971 /* CardViewController.swift in Sources */,
				15AD87A62326739900DE0B7A /* UserContactsTableViewCell.swift in Sources */,
				157A1D6228A3F02400547225 /* CLLocationCoordinate2D+Extension.swift in Sources */,
				15AD879D2325990E00DE0B7A /* Contacts.swift in Sources */,
				158860082C08D5B30053225D /* EmergencyBellDataSource.swift in Sources */,
				15AD879823255B8800DE0B7A /* ContactTableViewCell.swift in Sources */,
				1547B43723438D1F00898F94 /* KeyData.swift in Sources */,
				157A1D4C289FD74900547225 /* UIImage+Extension.swift in Sources */,
				15BA30C522FC9AE400B8B971 /* ViewController.swift in Sources */,
				151470D72330014900E2BAF9 /* TimeSettingTableViewCell.swift in Sources */,
				15AD879B2325985800DE0B7A /* CallContactViewCellViewController.swift in Sources */,
				15BA30C322FC9AE400B8B971 /* AppDelegate.swift in Sources */,
				157A1D50289FD96200547225 /* MKMapView+Extension.swift in Sources */,
				157A1D5E28A3D50A00547225 /* CompleteAlertViewController.swift in Sources */,
			);
			runOnlyForDeploymentPostprocessing = 0;
		};
		15BA30CF22FC9AE500B8B971 /* Sources */ = {
			isa = PBXSourcesBuildPhase;
			buildActionMask = 2147483647;
			files = (
				15BA30D822FC9AE500B8B971 /* UrgentTests.swift in Sources */,
			);
			runOnlyForDeploymentPostprocessing = 0;
		};
		15BA30DA22FC9AE500B8B971 /* Sources */ = {
			isa = PBXSourcesBuildPhase;
			buildActionMask = 2147483647;
			files = (
				15BA30E322FC9AE500B8B971 /* UrgentUITests.swift in Sources */,
			);
			runOnlyForDeploymentPostprocessing = 0;
		};
/* End PBXSourcesBuildPhase section */

/* Begin PBXTargetDependency section */
		15BA30D522FC9AE500B8B971 /* PBXTargetDependency */ = {
			isa = PBXTargetDependency;
			target = 15BA30BE22FC9AE400B8B971 /* Urgent */;
			targetProxy = 15BA30D422FC9AE500B8B971 /* PBXContainerItemProxy */;
		};
		15BA30E022FC9AE500B8B971 /* PBXTargetDependency */ = {
			isa = PBXTargetDependency;
			target = 15BA30BE22FC9AE400B8B971 /* Urgent */;
			targetProxy = 15BA30DF22FC9AE500B8B971 /* PBXContainerItemProxy */;
		};
/* End PBXTargetDependency section */

/* Begin PBXVariantGroup section */
		15BA30C622FC9AE400B8B971 /* Main.storyboard */ = {
			isa = PBXVariantGroup;
			children = (
				15BA30C722FC9AE400B8B971 /* Base */,
			);
			name = Main.storyboard;
			sourceTree = "<group>";
		};
		15BA30CB22FC9AE500B8B971 /* LaunchScreen.storyboard */ = {
			isa = PBXVariantGroup;
			children = (
				15BA30CC22FC9AE500B8B971 /* Base */,
			);
			name = LaunchScreen.storyboard;
			sourceTree = "<group>";
		};
/* End PBXVariantGroup section */

/* Begin XCBuildConfiguration section */
		15BA30E522FC9AE500B8B971 /* Debug */ = {
			isa = XCBuildConfiguration;
			buildSettings = {
				ALWAYS_SEARCH_USER_PATHS = NO;
				CLANG_ANALYZER_NONNULL = YES;
				CLANG_ANALYZER_NUMBER_OBJECT_CONVERSION = YES_AGGRESSIVE;
				CLANG_CXX_LANGUAGE_STANDARD = "gnu++14";
				CLANG_CXX_LIBRARY = "libc++";
				CLANG_ENABLE_MODULES = YES;
				CLANG_ENABLE_OBJC_ARC = YES;
				CLANG_ENABLE_OBJC_WEAK = YES;
				CLANG_WARN_BLOCK_CAPTURE_AUTORELEASING = YES;
				CLANG_WARN_BOOL_CONVERSION = YES;
				CLANG_WARN_COMMA = YES;
				CLANG_WARN_CONSTANT_CONVERSION = YES;
				CLANG_WARN_DEPRECATED_OBJC_IMPLEMENTATIONS = YES;
				CLANG_WARN_DIRECT_OBJC_ISA_USAGE = YES_ERROR;
				CLANG_WARN_DOCUMENTATION_COMMENTS = YES;
				CLANG_WARN_EMPTY_BODY = YES;
				CLANG_WARN_ENUM_CONVERSION = YES;
				CLANG_WARN_INFINITE_RECURSION = YES;
				CLANG_WARN_INT_CONVERSION = YES;
				CLANG_WARN_NON_LITERAL_NULL_CONVERSION = YES;
				CLANG_WARN_OBJC_IMPLICIT_RETAIN_SELF = YES;
				CLANG_WARN_OBJC_LITERAL_CONVERSION = YES;
				CLANG_WARN_OBJC_ROOT_CLASS = YES_ERROR;
				CLANG_WARN_RANGE_LOOP_ANALYSIS = YES;
				CLANG_WARN_STRICT_PROTOTYPES = YES;
				CLANG_WARN_SUSPICIOUS_MOVE = YES;
				CLANG_WARN_UNGUARDED_AVAILABILITY = YES_AGGRESSIVE;
				CLANG_WARN_UNREACHABLE_CODE = YES;
				CLANG_WARN__DUPLICATE_METHOD_MATCH = YES;
				CODE_SIGN_IDENTITY = "iPhone Developer";
				COPY_PHASE_STRIP = NO;
				DEBUG_INFORMATION_FORMAT = dwarf;
				ENABLE_STRICT_OBJC_MSGSEND = YES;
				ENABLE_TESTABILITY = YES;
				GCC_C_LANGUAGE_STANDARD = gnu11;
				GCC_DYNAMIC_NO_PIC = NO;
				GCC_NO_COMMON_BLOCKS = YES;
				GCC_OPTIMIZATION_LEVEL = 0;
				GCC_PREPROCESSOR_DEFINITIONS = (
					"DEBUG=1",
					"$(inherited)",
				);
				GCC_WARN_64_TO_32_BIT_CONVERSION = YES;
				GCC_WARN_ABOUT_RETURN_TYPE = YES_ERROR;
				GCC_WARN_UNDECLARED_SELECTOR = YES;
				GCC_WARN_UNINITIALIZED_AUTOS = YES_AGGRESSIVE;
				GCC_WARN_UNUSED_FUNCTION = YES;
				GCC_WARN_UNUSED_VARIABLE = YES;
				IPHONEOS_DEPLOYMENT_TARGET = 15.0;
				MTL_ENABLE_DEBUG_INFO = INCLUDE_SOURCE;
				MTL_FAST_MATH = YES;
				ONLY_ACTIVE_ARCH = YES;
				SDKROOT = iphoneos;
				SWIFT_ACTIVE_COMPILATION_CONDITIONS = DEBUG;
				SWIFT_OPTIMIZATION_LEVEL = "-Onone";
			};
			name = Debug;
		};
		15BA30E622FC9AE500B8B971 /* Release */ = {
			isa = XCBuildConfiguration;
			buildSettings = {
				ALWAYS_SEARCH_USER_PATHS = NO;
				CLANG_ANALYZER_NONNULL = YES;
				CLANG_ANALYZER_NUMBER_OBJECT_CONVERSION = YES_AGGRESSIVE;
				CLANG_CXX_LANGUAGE_STANDARD = "gnu++14";
				CLANG_CXX_LIBRARY = "libc++";
				CLANG_ENABLE_MODULES = YES;
				CLANG_ENABLE_OBJC_ARC = YES;
				CLANG_ENABLE_OBJC_WEAK = YES;
				CLANG_WARN_BLOCK_CAPTURE_AUTORELEASING = YES;
				CLANG_WARN_BOOL_CONVERSION = YES;
				CLANG_WARN_COMMA = YES;
				CLANG_WARN_CONSTANT_CONVERSION = YES;
				CLANG_WARN_DEPRECATED_OBJC_IMPLEMENTATIONS = YES;
				CLANG_WARN_DIRECT_OBJC_ISA_USAGE = YES_ERROR;
				CLANG_WARN_DOCUMENTATION_COMMENTS = YES;
				CLANG_WARN_EMPTY_BODY = YES;
				CLANG_WARN_ENUM_CONVERSION = YES;
				CLANG_WARN_INFINITE_RECURSION = YES;
				CLANG_WARN_INT_CONVERSION = YES;
				CLANG_WARN_NON_LITERAL_NULL_CONVERSION = YES;
				CLANG_WARN_OBJC_IMPLICIT_RETAIN_SELF = YES;
				CLANG_WARN_OBJC_LITERAL_CONVERSION = YES;
				CLANG_WARN_OBJC_ROOT_CLASS = YES_ERROR;
				CLANG_WARN_RANGE_LOOP_ANALYSIS = YES;
				CLANG_WARN_STRICT_PROTOTYPES = YES;
				CLANG_WARN_SUSPICIOUS_MOVE = YES;
				CLANG_WARN_UNGUARDED_AVAILABILITY = YES_AGGRESSIVE;
				CLANG_WARN_UNREACHABLE_CODE = YES;
				CLANG_WARN__DUPLICATE_METHOD_MATCH = YES;
				CODE_SIGN_IDENTITY = "iPhone Developer";
				COPY_PHASE_STRIP = NO;
				DEBUG_INFORMATION_FORMAT = "dwarf-with-dsym";
				ENABLE_NS_ASSERTIONS = NO;
				ENABLE_STRICT_OBJC_MSGSEND = YES;
				GCC_C_LANGUAGE_STANDARD = gnu11;
				GCC_NO_COMMON_BLOCKS = YES;
				GCC_WARN_64_TO_32_BIT_CONVERSION = YES;
				GCC_WARN_ABOUT_RETURN_TYPE = YES_ERROR;
				GCC_WARN_UNDECLARED_SELECTOR = YES;
				GCC_WARN_UNINITIALIZED_AUTOS = YES_AGGRESSIVE;
				GCC_WARN_UNUSED_FUNCTION = YES;
				GCC_WARN_UNUSED_VARIABLE = YES;
				IPHONEOS_DEPLOYMENT_TARGET = 15.0;
				MTL_ENABLE_DEBUG_INFO = NO;
				MTL_FAST_MATH = YES;
				SDKROOT = iphoneos;
				SWIFT_COMPILATION_MODE = wholemodule;
				SWIFT_OPTIMIZATION_LEVEL = "-O";
				VALIDATE_PRODUCT = YES;
			};
			name = Release;
		};
		15BA30E822FC9AE500B8B971 /* Debug */ = {
			isa = XCBuildConfiguration;
			baseConfigurationReference = 42D8389D22C02CDC22FCB776 /* Pods-Urgent.debug.xcconfig */;
			buildSettings = {
				ASSETCATALOG_COMPILER_APPICON_NAME = AppIcon;
				CODE_SIGN_IDENTITY = "iPhone Developer";
				CODE_SIGN_STYLE = Automatic;
				CURRENT_PROJECT_VERSION = 1;
				DEVELOPMENT_TEAM = A6T7UT6A2N;
				INFOPLIST_FILE = Urgent/Info.plist;
				LD_RUNPATH_SEARCH_PATHS = (
					"$(inherited)",
					"@executable_path/Frameworks",
				);
				MARKETING_VERSION = 2.0.0;
				PRODUCT_BUNDLE_IDENTIFIER = "jang-gukjin.Urgent";
				PRODUCT_NAME = Urgent;
				PROVISIONING_PROFILE_SPECIFIER = "";
				SWIFT_OBJC_BRIDGING_HEADER = "Urgent/Urgent-Bridging-Header.h";
				SWIFT_VERSION = 5.0;
				TARGETED_DEVICE_FAMILY = 1;
			};
			name = Debug;
		};
		15BA30E922FC9AE500B8B971 /* Release */ = {
			isa = XCBuildConfiguration;
			baseConfigurationReference = E9290621BFAD14BC86EEF9CB /* Pods-Urgent.release.xcconfig */;
			buildSettings = {
				ASSETCATALOG_COMPILER_APPICON_NAME = AppIcon;
				CODE_SIGN_IDENTITY = "iPhone Developer";
				CODE_SIGN_STYLE = Automatic;
				CURRENT_PROJECT_VERSION = 1;
				DEVELOPMENT_TEAM = A6T7UT6A2N;
				INFOPLIST_FILE = Urgent/Info.plist;
				LD_RUNPATH_SEARCH_PATHS = (
					"$(inherited)",
					"@executable_path/Frameworks",
				);
				MARKETING_VERSION = 2.0.0;
				PRODUCT_BUNDLE_IDENTIFIER = "jang-gukjin.Urgent";
				PRODUCT_NAME = Urgent;
				PROVISIONING_PROFILE_SPECIFIER = "";
				SWIFT_OBJC_BRIDGING_HEADER = "Urgent/Urgent-Bridging-Header.h";
				SWIFT_VERSION = 5.0;
				TARGETED_DEVICE_FAMILY = 1;
			};
			name = Release;
		};
		15BA30EB22FC9AE500B8B971 /* Debug */ = {
			isa = XCBuildConfiguration;
			baseConfigurationReference = 4AE032821D423D7C2DED2EC6 /* Pods-UrgentTests.debug.xcconfig */;
			buildSettings = {
				ALWAYS_EMBED_SWIFT_STANDARD_LIBRARIES = YES;
				BUNDLE_LOADER = "$(TEST_HOST)";
				CODE_SIGN_STYLE = Automatic;
				INFOPLIST_FILE = UrgentTests/Info.plist;
				LD_RUNPATH_SEARCH_PATHS = (
					"$(inherited)",
					"@executable_path/Frameworks",
					"@loader_path/Frameworks",
				);
				PRODUCT_BUNDLE_IDENTIFIER = "jang-gukjin.UrgentTests";
				PRODUCT_NAME = "$(TARGET_NAME)";
				SWIFT_VERSION = 5.0;
				TARGETED_DEVICE_FAMILY = "1,2";
				TEST_HOST = "$(BUILT_PRODUCTS_DIR)/Urgent.app/Urgent";
			};
			name = Debug;
		};
		15BA30EC22FC9AE500B8B971 /* Release */ = {
			isa = XCBuildConfiguration;
			baseConfigurationReference = D6E24195C86A814A4145B990 /* Pods-UrgentTests.release.xcconfig */;
			buildSettings = {
				ALWAYS_EMBED_SWIFT_STANDARD_LIBRARIES = YES;
				BUNDLE_LOADER = "$(TEST_HOST)";
				CODE_SIGN_STYLE = Automatic;
				INFOPLIST_FILE = UrgentTests/Info.plist;
				LD_RUNPATH_SEARCH_PATHS = (
					"$(inherited)",
					"@executable_path/Frameworks",
					"@loader_path/Frameworks",
				);
				PRODUCT_BUNDLE_IDENTIFIER = "jang-gukjin.UrgentTests";
				PRODUCT_NAME = "$(TARGET_NAME)";
				SWIFT_VERSION = 5.0;
				TARGETED_DEVICE_FAMILY = "1,2";
				TEST_HOST = "$(BUILT_PRODUCTS_DIR)/Urgent.app/Urgent";
			};
			name = Release;
		};
		15BA30EE22FC9AE500B8B971 /* Debug */ = {
			isa = XCBuildConfiguration;
			baseConfigurationReference = B6916CAE3CFDC1F1F902870C /* Pods-UrgentUITests.debug.xcconfig */;
			buildSettings = {
				ALWAYS_EMBED_SWIFT_STANDARD_LIBRARIES = YES;
				CODE_SIGN_STYLE = Automatic;
				INFOPLIST_FILE = UrgentUITests/Info.plist;
				LD_RUNPATH_SEARCH_PATHS = (
					"$(inherited)",
					"@executable_path/Frameworks",
					"@loader_path/Frameworks",
				);
				PRODUCT_BUNDLE_IDENTIFIER = "jang-gukjin.UrgentUITests";
				PRODUCT_NAME = "$(TARGET_NAME)";
				SWIFT_VERSION = 5.0;
				TARGETED_DEVICE_FAMILY = "1,2";
				TEST_TARGET_NAME = Urgent;
			};
			name = Debug;
		};
		15BA30EF22FC9AE500B8B971 /* Release */ = {
			isa = XCBuildConfiguration;
			baseConfigurationReference = 15104845DE3EF2A258055E97 /* Pods-UrgentUITests.release.xcconfig */;
			buildSettings = {
				ALWAYS_EMBED_SWIFT_STANDARD_LIBRARIES = YES;
				CODE_SIGN_STYLE = Automatic;
				INFOPLIST_FILE = UrgentUITests/Info.plist;
				LD_RUNPATH_SEARCH_PATHS = (
					"$(inherited)",
					"@executable_path/Frameworks",
					"@loader_path/Frameworks",
				);
				PRODUCT_BUNDLE_IDENTIFIER = "jang-gukjin.UrgentUITests";
				PRODUCT_NAME = "$(TARGET_NAME)";
				SWIFT_VERSION = 5.0;
				TARGETED_DEVICE_FAMILY = "1,2";
				TEST_TARGET_NAME = Urgent;
			};
			name = Release;
		};
/* End XCBuildConfiguration section */

/* Begin XCConfigurationList section */
		15BA30BA22FC9AE400B8B971 /* Build configuration list for PBXProject "Urgent" */ = {
			isa = XCConfigurationList;
			buildConfigurations = (
				15BA30E522FC9AE500B8B971 /* Debug */,
				15BA30E622FC9AE500B8B971 /* Release */,
			);
			defaultConfigurationIsVisible = 0;
			defaultConfigurationName = Release;
		};
		15BA30E722FC9AE500B8B971 /* Build configuration list for PBXNativeTarget "Urgent" */ = {
			isa = XCConfigurationList;
			buildConfigurations = (
				15BA30E822FC9AE500B8B971 /* Debug */,
				15BA30E922FC9AE500B8B971 /* Release */,
			);
			defaultConfigurationIsVisible = 0;
			defaultConfigurationName = Release;
		};
		15BA30EA22FC9AE500B8B971 /* Build configuration list for PBXNativeTarget "UrgentTests" */ = {
			isa = XCConfigurationList;
			buildConfigurations = (
				15BA30EB22FC9AE500B8B971 /* Debug */,
				15BA30EC22FC9AE500B8B971 /* Release */,
			);
			defaultConfigurationIsVisible = 0;
			defaultConfigurationName = Release;
		};
		15BA30ED22FC9AE500B8B971 /* Build configuration list for PBXNativeTarget "UrgentUITests" */ = {
			isa = XCConfigurationList;
			buildConfigurations = (
				15BA30EE22FC9AE500B8B971 /* Debug */,
				15BA30EF22FC9AE500B8B971 /* Release */,
			);
			defaultConfigurationIsVisible = 0;
			defaultConfigurationName = Release;
		};
/* End XCConfigurationList section */
	};
	rootObject = 15BA30B722FC9AE400B8B971 /* Project object */;
}
